
Microsoft Visual Studio Solution File, Format Version 12.00
# Visual Studio Version 17
VisualStudioVersion = 17.10.35027.167
MinimumVisualStudioVersion = 10.0.40219.1
Project("{FAE04EC0-301F-11D3-BF4B-00C04F79EFBC}") = "modul7_kelompok_1", "modul7_kelompok_1\modul7_kelompok_1.csproj", "{652EFC50-6604-4DB0-AC58-AB05B4C4BB7D}"
EndProject
Global
	GlobalSection(SolutionConfigurationPlatforms) = preSolution
		Debug|Any CPU = Debug|Any CPU
		Release|Any CPU = Release|Any CPU
	EndGlobalSection
	GlobalSection(ProjectConfigurationPlatforms) = postSolution
		{652EFC50-6604-4DB0-AC58-AB05B4C4BB7D}.Debug|Any CPU.ActiveCfg = Debug|Any CPU
		{652EFC50-6604-4DB0-AC58-AB05B4C4BB7D}.Debug|Any CPU.Build.0 = Debug|Any CPU
		{652EFC50-6604-4DB0-AC58-AB05B4C4BB7D}.Release|Any CPU.ActiveCfg = Release|Any CPU
		{652EFC50-6604-4DB0-AC58-AB05B4C4BB7D}.Release|Any CPU.Build.0 = Release|Any CPU
	EndGlobalSection
	GlobalSection(SolutionProperties) = preSolution
		HideSolutionNode = FALSE
	EndGlobalSection
	GlobalSection(ExtensibilityGlobals) = postSolution
		SolutionGuid = {010D4903-2956-472B-869F-E220DFA006CB}
	EndGlobalSection
EndGlobal
